# This file was autogenerated by Stack.
# You should not edit this file by hand.
# For more information, please see the documentation at:
#   https://docs.haskellstack.org/en/stable/topics/lock_files

packages:
- completed:
    hackage: smcdel-1.3.0@sha256:97b7b7a09199c76b7a2f552fce28973bf448d9eb44e059a228571f6a454b73fd,8448
    pantry-tree:
      sha256: d08fa2b84d509182633c9bbeca73f77c7ff5507b7f5beba7b2f987573ca9fa60
      size: 5022
  original:
    hackage: smcdel-1.3.0
- completed:
    hackage: HasCacBDD-0.2.0.0@sha256:14bcfba6c2b64626cff99673b351547bda115d59124847dd1898ea56a075a29c,1772
    pantry-tree:
      sha256: 0fbcced90eca3b427b05e6516e29d964eb39eb0d8a708c07549ad96cfcbb473b
      size: 1727
  original:
    hackage: HasCacBDD-0.2.0.0@sha256:14bcfba6c2b64626cff99673b351547bda115d59124847dd1898ea56a075a29c,1772
- completed:
    hackage: decision-diagrams-0.2.0.0@sha256:9f82d39f7331f6836784fa89354986e436a4d62d810b8fb2b44dd10c6a0beb85,3415
    pantry-tree:
      sha256: 36696cfd2af10c44fc0b7d8746c57d94c476eef4ba16f6ac98c2d6dae04f4b36
      size: 866
  original:
    hackage: decision-diagrams-0.2.0.0@sha256:9f82d39f7331f6836784fa89354986e436a4d62d810b8fb2b44dd10c6a0beb85,3415
- completed:
    hackage: bytestring-0.11.5.3@sha256:3eee5d3658b657371d0f940f1f38feefc2ebdf8592a32d3d0734f28c61f80ba0,7595
    pantry-tree:
      sha256: bb97a05a67b1ea6c61af66e5abbbb0094bc397c1a930348442a41619026191ee
      size: 4019
  original:
    hackage: bytestring-0.11.5.3
- completed:
    hackage: cassava-0.5.3.2@sha256:057df10379aec708cafafdf1c918b86a373d36113964b1a7bc26ec1ed4dee02c,4940
    pantry-tree:
      sha256: e6baf85fa79b403ff1cb0aa0e5b7df80d984436891bdca2f5ff842755ec9434f
      size: 1614
  original:
    hackage: cassava-0.5.3.2
- completed:
    hackage: scientific-0.3.7.0@sha256:909755ab19b453169ff85281323da1488407776b2360bd9f7afdd219fd306ef2,4869
    pantry-tree:
      sha256: 00e74ee83063c8c5cf5c726d9ed079a7f67051f3ddd9e2ecbbe3c6ea06271061
      size: 657
  original:
    hackage: scientific-0.3.7.0
- completed:
    hackage: vector-0.13.1.0@sha256:c8564a7d0b2df5a4a8a2c6e69db840ac2fe5aa566babf4a516c370c5d85f2546,9346
    pantry-tree:
      sha256: 07e5b313423e71f7da90d13ff81ff296c776f643bdd0a164dd5cea2573ce2a2d
      size: 4093
  original:
    hackage: vector-0.13.1.0
snapshots:
- completed:
    sha256: 3e184a8f5e751ba159db999ce1bebe45143ce8422b525b4d2de6d9b849d203c9
    size: 720269
    url: https://raw.githubusercontent.com/commercialhaskell/stackage-snapshots/master/lts/22/42.yaml
  original: lts-22.42
